// !$*UTF8*$!
{
	archiveVersion = 1;
	classes = {
	};
	objectVersion = 46;
	objects = {

/* Begin PBXBuildFile section */
		07569ED6192520480059CF69 /* Foundation.framework in Frameworks */ = {isa = PBXBuildFile; fileRef = 07569ED5192520480059CF69 /* Foundation.framework */; };
		07569ED8192520480059CF69 /* CoreGraphics.framework in Frameworks */ = {isa = PBXBuildFile; fileRef = 07569ED7192520480059CF69 /* CoreGraphics.framework */; };
		07569EDA192520480059CF69 /* UIKit.framework in Frameworks */ = {isa = PBXBuildFile; fileRef = 07569ED9192520480059CF69 /* UIKit.framework */; };
		07569EE0192520480059CF69 /* InfoPlist.strings in Resources */ = {isa = PBXBuildFile; fileRef = 07569EDE192520480059CF69 /* InfoPlist.strings */; };
		07569EE2192520480059CF69 /* main.m in Sources */ = {isa = PBXBuildFile; fileRef = 07569EE1192520480059CF69 /* main.m */; };
		07569EE6192520480059CF69 /* HWCAppDelegate.m in Sources */ = {isa = PBXBuildFile; fileRef = 07569EE5192520480059CF69 /* HWCAppDelegate.m */; };
		07569EE9192520480059CF69 /* Main.storyboard in Resources */ = {isa = PBXBuildFile; fileRef = 07569EE7192520480059CF69 /* Main.storyboard */; };
		07569EEC192520480059CF69 /* HWCViewController.m in Sources */ = {isa = PBXBuildFile; fileRef = 07569EEB192520480059CF69 /* HWCViewController.m */; };
		07569EEE192520480059CF69 /* Images.xcassets in Resources */ = {isa = PBXBuildFile; fileRef = 07569EED192520480059CF69 /* Images.xcassets */; };
		07569EF5192520480059CF69 /* XCTest.framework in Frameworks */ = {isa = PBXBuildFile; fileRef = 07569EF4192520480059CF69 /* XCTest.framework */; };
		07569EF6192520480059CF69 /* Foundation.framework in Frameworks */ = {isa = PBXBuildFile; fileRef = 07569ED5192520480059CF69 /* Foundation.framework */; };
		07569EF7192520480059CF69 /* UIKit.framework in Frameworks */ = {isa = PBXBuildFile; fileRef = 07569ED9192520480059CF69 /* UIKit.framework */; };
		07569EFF192520480059CF69 /* InfoPlist.strings in Resources */ = {isa = PBXBuildFile; fileRef = 07569EFD192520480059CF69 /* InfoPlist.strings */; };
		07569F01192520480059CF69 /* HelloWorldTests.m in Sources */ = {isa = PBXBuildFile; fileRef = 07569F00192520480059CF69 /* HelloWorldTests.m */; };
/* End PBXBuildFile section */

/* Begin PBXContainerItemProxy section */
		07569EF8192520480059CF69 /* PBXContainerItemProxy */ = {
			isa = PBXContainerItemProxy;
			containerPortal = 07569ECA192520480059CF69 /* Project object */;
			proxyType = 1;
			remoteGlobalIDString = 07569ED1192520480059CF69;
			remoteInfo = HelloWorld;
		};
/* End PBXContainerItemProxy section */

/* Begin PBXFileReference section */
		07569ED2192520480059CF69 /* HelloWorld.app */ = {isa = PBXFileReference; explicitFileType = wrapper.application; includeInIndex = 0; path = HelloWorld.app; sourceTree = BUILT_PRODUCTS_DIR; };
		07569ED5192520480059CF69 /* Foundation.framework */ = {isa = PBXFileReference; lastKnownFileType = wrapper.framework; name = Foundation.framework; path = System/Library/Frameworks/Foundation.framework; sourceTree = SDKROOT; };
		07569ED7192520480059CF69 /* CoreGraphics.framework */ = {isa = PBXFileReference; lastKnownFileType = wrapper.framework; name = CoreGraphics.framework; path = System/Library/Frameworks/CoreGraphics.framework; sourceTree = SDKROOT; };
		07569ED9192520480059CF69 /* UIKit.framework */ = {isa = PBXFileReference; lastKnownFileType = wrapper.framework; name = UIKit.framework; path = System/Library/Frameworks/UIKit.framework; sourceTree = SDKROOT; };
		07569EDD192520480059CF69 /* HelloWorld-Info.plist */ = {isa = PBXFileReference; lastKnownFileType = text.plist.xml; path = "HelloWorld-Info.plist"; sourceTree = "<group>"; };
		07569EDF192520480059CF69 /* en */ = {isa = PBXFileReference; lastKnownFileType = text.plist.strings; name = en; path = en.lproj/InfoPlist.strings; sourceTree = "<group>"; };
		07569EE1192520480059CF69 /* main.m */ = {isa = PBXFileReference; lastKnownFileType = sourcecode.c.objc; path = main.m; sourceTree = "<group>"; };
		07569EE3192520480059CF69 /* HelloWorld-Prefix.pch */ = {isa = PBXFileReference; lastKnownFileType = sourcecode.c.h; path = "HelloWorld-Prefix.pch"; sourceTree = "<group>"; };
		07569EE4192520480059CF69 /* HWCAppDelegate.h */ = {isa = PBXFileReference; lastKnownFileType = sourcecode.c.h; path = HWCAppDelegate.h; sourceTree = "<group>"; };
		07569EE5192520480059CF69 /* HWCAppDelegate.m */ = {isa = PBXFileReference; lastKnownFileType = sourcecode.c.objc; path = HWCAppDelegate.m; sourceTree = "<group>"; };
		07569EE8192520480059CF69 /* Base */ = {isa = PBXFileReference; lastKnownFileType = file.storyboard; name = Base; path = Base.lproj/Main.storyboard; sourceTree = "<group>"; };
		07569EEA192520480059CF69 /* HWCViewController.h */ = {isa = PBXFileReference; lastKnownFileType = sourcecode.c.h; path = HWCViewController.h; sourceTree = "<group>"; };
		07569EEB192520480059CF69 /* HWCViewController.m */ = {isa = PBXFileReference; lastKnownFileType = sourcecode.c.objc; path = HWCViewController.m; sourceTree = "<group>"; };
		07569EED192520480059CF69 /* Images.xcassets */ = {isa = PBXFileReference; lastKnownFileType = folder.assetcatalog; path = Images.xcassets; sourceTree = "<group>"; };
		07569EF3192520480059CF69 /* HelloWorldTests.xctest */ = {isa = PBXFileReference; explicitFileType = wrapper.cfbundle; includeInIndex = 0; path = HelloWorldTests.xctest; sourceTree = BUILT_PRODUCTS_DIR; };
		07569EF4192520480059CF69 /* XCTest.framework */ = {isa = PBXFileReference; lastKnownFileType = wrapper.framework; name = XCTest.framework; path = Library/Frameworks/XCTest.framework; sourceTree = DEVELOPER_DIR; };
		07569EFC192520480059CF69 /* HelloWorldTests-Info.plist */ = {isa = PBXFileReference; lastKnownFileType = text.plist.xml; path = "HelloWorldTests-Info.plist"; sourceTree = "<group>"; };
		07569EFE192520480059CF69 /* en */ = {isa = PBXFileReference; lastKnownFileType = text.plist.strings; name = en; path = en.lproj/InfoPlist.strings; sourceTree = "<group>"; };
		07569F00192520480059CF69 /* HelloWorldTests.m */ = {isa = PBXFileReference; lastKnownFileType = sourcecode.c.objc; path = HelloWorldTests.m; sourceTree = "<group>"; };
/* End PBXFileReference section */

/* Begin PBXFrameworksBuildPhase section */
		07569ECF192520480059CF69 /* Frameworks */ = {
			isa = PBXFrameworksBuildPhase;
			buildActionMask = 2147483647;
			files = (
				07569ED8192520480059CF69 /* CoreGraphics.framework in Frameworks */,
				07569EDA192520480059CF69 /* UIKit.framework in Frameworks */,
				07569ED6192520480059CF69 /* Foundation.framework in Frameworks */,
			);
			runOnlyForDeploymentPostprocessing = 0;
		};
		07569EF0192520480059CF69 /* Frameworks */ = {
			isa = PBXFrameworksBuildPhase;
			buildActionMask = 2147483647;
			files = (
				07569EF5192520480059CF69 /* XCTest.framework in Frameworks */,
				07569EF7192520480059CF69 /* UIKit.framework in Frameworks */,
				07569EF6192520480059CF69 /* Foundation.framework in Frameworks */,
			);
			runOnlyForDeploymentPostprocessing = 0;
		};
/* End PBXFrameworksBuildPhase section */

/* Begin PBXGroup section */
		07569EC9192520480059CF69 = {
			isa = PBXGroup;
			children = (
				07569EDB192520480059CF69 /* HelloWorld */,
				07569EFA192520480059CF69 /* HelloWorldTests */,
				07569ED4192520480059CF69 /* Frameworks */,
				07569ED3192520480059CF69 /* Products */,
			);
			sourceTree = "<group>";
		};
		07569ED3192520480059CF69 /* Products */ = {
			isa = PBXGroup;
			children = (
				07569ED2192520480059CF69 /* HelloWorld.app */,
				07569EF3192520480059CF69 /* HelloWorldTests.xctest */,
			);
			name = Products;
			sourceTree = "<group>";
		};
		07569ED4192520480059CF69 /* Frameworks */ = {
			isa = PBXGroup;
			children = (
				07569ED5192520480059CF69 /* Foundation.framework */,
				07569ED7192520480059CF69 /* CoreGraphics.framework */,
				07569ED9192520480059CF69 /* UIKit.framework */,
				07569EF4192520480059CF69 /* XCTest.framework */,
			);
			name = Frameworks;
			sourceTree = "<group>";
		};
		07569EDB192520480059CF69 /* HelloWorld */ = {
			isa = PBXGroup;
			children = (
				07569EE4192520480059CF69 /* HWCAppDelegate.h */,
				07569EE5192520480059CF69 /* HWCAppDelegate.m */,
				07569EE7192520480059CF69 /* Main.storyboard */,
				07569EEA192520480059CF69 /* HWCViewController.h */,
				07569EEB192520480059CF69 /* HWCViewController.m */,
				07569EED192520480059CF69 /* Images.xcassets */,
				07569EDC192520480059CF69 /* Supporting Files */,
			);
			path = HelloWorld;
			sourceTree = "<group>";
		};
		07569EDC192520480059CF69 /* Supporting Files */ = {
			isa = PBXGroup;
			children = (
				07569EDD192520480059CF69 /* HelloWorld-Info.plist */,
				07569EDE192520480059CF69 /* InfoPlist.strings */,
				07569EE1192520480059CF69 /* main.m */,
				07569EE3192520480059CF69 /* HelloWorld-Prefix.pch */,
			);
			name = "Supporting Files";
			sourceTree = "<group>";
		};
		07569EFA192520480059CF69 /* HelloWorldTests */ = {
			isa = PBXGroup;
			children = (
				07569F00192520480059CF69 /* HelloWorldTests.m */,
				07569EFB192520480059CF69 /* Supporting Files */,
			);
			path = HelloWorldTests;
			sourceTree = "<group>";
		};
		07569EFB192520480059CF69 /* Supporting Files */ = {
			isa = PBXGroup;
			children = (
				07569EFC192520480059CF69 /* HelloWorldTests-Info.plist */,
				07569EFD192520480059CF69 /* InfoPlist.strings */,
			);
			name = "Supporting Files";
			sourceTree = "<group>";
		};
/* End PBXGroup section */

/* Begin PBXNativeTarget section */
		07569ED1192520480059CF69 /* HelloWorld */ = {
			isa = PBXNativeTarget;
			buildConfigurationList = 07569F04192520480059CF69 /* Build configuration list for PBXNativeTarget "HelloWorld" */;
			buildPhases = (
				07569ECE192520480059CF69 /* Sources */,
				07569ECF192520480059CF69 /* Frameworks */,
				07569ED0192520480059CF69 /* Resources */,
			);
			buildRules = (
			);
			dependencies = (
			);
			name = HelloWorld;
			productName = HelloWorld;
			productReference = 07569ED2192520480059CF69 /* HelloWorld.app */;
			productType = "com.apple.product-type.application";
		};
		07569EF2192520480059CF69 /* HelloWorldTests */ = {
			isa = PBXNativeTarget;
			buildConfigurationList = 07569F07192520480059CF69 /* Build configuration list for PBXNativeTarget "HelloWorldTests" */;
			buildPhases = (
				07569EEF192520480059CF69 /* Sources */,
				07569EF0192520480059CF69 /* Frameworks */,
				07569EF1192520480059CF69 /* Resources */,
			);
			buildRules = (
			);
			dependencies = (
				07569EF9192520480059CF69 /* PBXTargetDependency */,
			);
			name = HelloWorldTests;
			productName = HelloWorldTests;
			productReference = 07569EF3192520480059CF69 /* HelloWorldTests.xctest */;
			productType = "com.apple.product-type.bundle.unit-test";
		};
/* End PBXNativeTarget section */

/* Begin PBXProject section */
		07569ECA192520480059CF69 /* Project object */ = {
			isa = PBXProject;
			attributes = {
				CLASSPREFIX = HWC;
				LastUpgradeCheck = 0510;
				ORGANIZATIONNAME = Codeminders;
				TargetAttributes = {
					07569EF2192520480059CF69 = {
						TestTargetID = 07569ED1192520480059CF69;
					};
				};
			};
			buildConfigurationList = 07569ECD192520480059CF69 /* Build configuration list for PBXProject "HelloWorld" */;
			compatibilityVersion = "Xcode 3.2";
			developmentRegion = English;
			hasScannedForEncodings = 0;
			knownRegions = (
				en,
				Base,
			);
			mainGroup = 07569EC9192520480059CF69;
			productRefGroup = 07569ED3192520480059CF69 /* Products */;
			projectDirPath = "";
			projectRoot = "";
			targets = (
				07569ED1192520480059CF69 /* HelloWorld */,
				07569EF2192520480059CF69 /* HelloWorldTests */,
			);
		};
/* End PBXProject section */

/* Begin PBXResourcesBuildPhase section */
		07569ED0192520480059CF69 /* Resources */ = {
			isa = PBXResourcesBuildPhase;
			buildActionMask = 2147483647;
			files = (
				07569EEE192520480059CF69 /* Images.xcassets in Resources */,
				07569EE0192520480059CF69 /* InfoPlist.strings in Resources */,
				07569EE9192520480059CF69 /* Main.storyboard in Resources */,
			);
			runOnlyForDeploymentPostprocessing = 0;
		};
		07569EF1192520480059CF69 /* Resources */ = {
			isa = PBXResourcesBuildPhase;
			buildActionMask = 2147483647;
			files = (
				07569EFF192520480059CF69 /* InfoPlist.strings in Resources */,
			);
			runOnlyForDeploymentPostprocessing = 0;
		};
/* End PBXResourcesBuildPhase section */

/* Begin PBXSourcesBuildPhase section */
		07569ECE192520480059CF69 /* Sources */ = {
			isa = PBXSourcesBuildPhase;
			buildActionMask = 2147483647;
			files = (
				07569EE2192520480059CF69 /* main.m in Sources */,
				07569EE6192520480059CF69 /* HWCAppDelegate.m in Sources */,
				07569EEC192520480059CF69 /* HWCViewController.m in Sources */,
			);
			runOnlyForDeploymentPostprocessing = 0;
		};
		07569EEF192520480059CF69 /* Sources */ = {
			isa = PBXSourcesBuildPhase;
			buildActionMask = 2147483647;
			files = (
				07569F01192520480059CF69 /* HelloWorldTests.m in Sources */,
			);
			runOnlyForDeploymentPostprocessing = 0;
		};
/* End PBXSourcesBuildPhase section */

/* Begin PBXTargetDependency section */
		07569EF9192520480059CF69 /* PBXTargetDependency */ = {
			isa = PBXTargetDependency;
			target = 07569ED1192520480059CF69 /* HelloWorld */;
			targetProxy = 07569EF8192520480059CF69 /* PBXContainerItemProxy */;
		};
/* End PBXTargetDependency section */

/* Begin PBXVariantGroup section */
		07569EDE192520480059CF69 /* InfoPlist.strings */ = {
			isa = PBXVariantGroup;
			children = (
				07569EDF192520480059CF69 /* en */,
			);
			name = InfoPlist.strings;
			sourceTree = "<group>";
		};
		07569EE7192520480059CF69 /* Main.storyboard */ = {
			isa = PBXVariantGroup;
			children = (
				07569EE8192520480059CF69 /* Base */,
			);
			name = Main.storyboard;
			sourceTree = "<group>";
		};
		07569EFD192520480059CF69 /* InfoPlist.strings */ = {
			isa = PBXVariantGroup;
			children = (
				07569EFE192520480059CF69 /* en */,
			);
			name = InfoPlist.strings;
			sourceTree = "<group>";
		};
/* End PBXVariantGroup section */

/* Begin XCBuildConfiguration section */
		07569F02192520480059CF69 /* Debug */ = {
			isa = XCBuildConfiguration;
			buildSettings = {
				ALWAYS_SEARCH_USER_PATHS = NO;
				CLANG_CXX_LANGUAGE_STANDARD = "gnu++0x";
				CLANG_CXX_LIBRARY = "libc++";
				CLANG_ENABLE_MODULES = YES;
				CLANG_ENABLE_OBJC_ARC = YES;
				CLANG_WARN_BOOL_CONVERSION = YES;
				CLANG_WARN_CONSTANT_CONVERSION = YES;
				CLANG_WARN_DIRECT_OBJC_ISA_USAGE = YES_ERROR;
				CLANG_WARN_EMPTY_BODY = YES;
				CLANG_WARN_ENUM_CONVERSION = YES;
				CLANG_WARN_INT_CONVERSION = YES;
				CLANG_WARN_OBJC_ROOT_CLASS = YES_ERROR;
				CLANG_WARN__DUPLICATE_METHOD_MATCH = YES;
				"CODE_SIGN_IDENTITY[sdk=iphoneos*]" = "iPhone Developer";
				COPY_PHASE_STRIP = NO;
				GCC_C_LANGUAGE_STANDARD = gnu99;
				GCC_DYNAMIC_NO_PIC = NO;
				GCC_OPTIMIZATION_LEVEL = 0;
				GCC_PREPROCESSOR_DEFINITIONS = (
					"DEBUG=1",
					"$(inherited)",
				);
				GCC_SYMBOLS_PRIVATE_EXTERN = NO;
				GCC_WARN_64_TO_32_BIT_CONVERSION = YES;
				GCC_WARN_ABOUT_RETURN_TYPE = YES_ERROR;
				GCC_WARN_UNDECLARED_SELECTOR = YES;
				GCC_WARN_UNINITIALIZED_AUTOS = YES_AGGRESSIVE;
				GCC_WARN_UNUSED_FUNCTION = YES;
				GCC_WARN_UNUSED_VARIABLE = YES;
				IPHONEOS_DEPLOYMENT_TARGET = 7.1;
				ONLY_ACTIVE_ARCH = YES;
				SDKROOT = iphoneos;
			};
			name = Debug;
		};
		07569F03192520480059CF69 /* Release */ = {
			isa = XCBuildConfiguration;
			buildSettings = {
				ALWAYS_SEARCH_USER_PATHS = NO;
				CLANG_CXX_LANGUAGE_STANDARD = "gnu++0x";
				CLANG_CXX_LIBRARY = "libc++";
				CLANG_ENABLE_MODULES = YES;
				CLANG_ENABLE_OBJC_ARC = YES;
				CLANG_WARN_BOOL_CONVERSION = YES;
				CLANG_WARN_CONSTANT_CONVERSION = YES;
				CLANG_WARN_DIRECT_OBJC_ISA_USAGE = YES_ERROR;
				CLANG_WARN_EMPTY_BODY = YES;
				CLANG_WARN_ENUM_CONVERSION = YES;
				CLANG_WARN_INT_CONVERSION = YES;
				CLANG_WARN_OBJC_ROOT_CLASS = YES_ERROR;
				CLANG_WARN__DUPLICATE_METHOD_MATCH = YES;
				"CODE_SIGN_IDENTITY[sdk=iphoneos*]" = "iPhone Developer";
				COPY_PHASE_STRIP = YES;
				ENABLE_NS_ASSERTIONS = NO;
				GCC_C_LANGUAGE_STANDARD = gnu99;
				GCC_WARN_64_TO_32_BIT_CONVERSION = YES;
				GCC_WARN_ABOUT_RETURN_TYPE = YES_ERROR;
				GCC_WARN_UNDECLARED_SELECTOR = YES;
				GCC_WARN_UNINITIALIZED_AUTOS = YES_AGGRESSIVE;
				GCC_WARN_UNUSED_FUNCTION = YES;
				GCC_WARN_UNUSED_VARIABLE = YES;
				IPHONEOS_DEPLOYMENT_TARGET = 7.1;
				SDKROOT = iphoneos;
				VALIDATE_PRODUCT = YES;
			};
			name = Release;
		};
		07569F05192520480059CF69 /* Debug */ = {
			isa = XCBuildConfiguration;
			buildSettings = {
				ASSETCATALOG_COMPILER_APPICON_NAME = AppIcon;
				ASSETCATALOG_COMPILER_LAUNCHIMAGE_NAME = LaunchImage;
				GCC_PRECOMPILE_PREFIX_HEADER = YES;
				GCC_PREFIX_HEADER = "HelloWorld/HelloWorld-Prefix.pch";
				INFOPLIST_FILE = "HelloWorld/HelloWorld-Info.plist";
				PRODUCT_NAME = "$(TARGET_NAME)";
				WRAPPER_EXTENSION = app;
			};
			name = Debug;
		};
		07569F06192520480059CF69 /* Release */ = {
			isa = XCBuildConfiguration;
			buildSettings = {
				ASSETCATALOG_COMPILER_APPICON_NAME = AppIcon;
				ASSETCATALOG_COMPILER_LAUNCHIMAGE_NAME = LaunchImage;
				GCC_PRECOMPILE_PREFIX_HEADER = YES;
				GCC_PREFIX_HEADER = "HelloWorld/HelloWorld-Prefix.pch";
				INFOPLIST_FILE = "HelloWorld/HelloWorld-Info.plist";
				PRODUCT_NAME = "$(TARGET_NAME)";
				WRAPPER_EXTENSION = app;
			};
			name = Release;
		};
		07569F08192520480059CF69 /* Debug */ = {
			isa = XCBuildConfiguration;
			buildSettings = {
				BUNDLE_LOADER = "$(BUILT_PRODUCTS_DIR)/HelloWorld.app/HelloWorld";
				FRAMEWORK_SEARCH_PATHS = (
					"$(SDKROOT)/Developer/Library/Frameworks",
					"$(inherited)",
					"$(DEVELOPER_FRAMEWORKS_DIR)",
				);
				GCC_PRECOMPILE_PREFIX_HEADER = YES;
				GCC_PREFIX_HEADER = "HelloWorld/HelloWorld-Prefix.pch";
				GCC_PREPROCESSOR_DEFINITIONS = (
					"DEBUG=1",
					"$(inherited)",
				);
				INFOPLIST_FILE = "HelloWorldTests/HelloWorldTests-Info.plist";
				PRODUCT_NAME = "$(TARGET_NAME)";
				TEST_HOST = "$(BUNDLE_LOADER)";
				WRAPPER_EXTENSION = xctest;
			};
			name = Debug;
		};
		07569F09192520480059CF69 /* Release */ = {
			isa = XCBuildConfiguration;
			buildSettings = {
				BUNDLE_LOADER = "$(BUILT_PRODUCTS_DIR)/HelloWorld.app/HelloWorld";
				FRAMEWORK_SEARCH_PATHS = (
					"$(SDKROOT)/Developer/Library/Frameworks",
					"$(inherited)",
					"$(DEVELOPER_FRAMEWORKS_DIR)",
				);
				GCC_PRECOMPILE_PREFIX_HEADER = YES;
				GCC_PREFIX_HEADER = "HelloWorld/HelloWorld-Prefix.pch";
				INFOPLIST_FILE = "HelloWorldTests/HelloWorldTests-Info.plist";
				PRODUCT_NAME = "$(TARGET_NAME)";
				TEST_HOST = "$(BUNDLE_LOADER)";
				WRAPPER_EXTENSION = xctest;
			};
			name = Release;
		};
/* End XCBuildConfiguration section */

/* Begin XCConfigurationList section */
		07569ECD192520480059CF69 /* Build configuration list for PBXProject "HelloWorld" */ = {
			isa = XCConfigurationList;
			buildConfigurations = (
				07569F02192520480059CF69 /* Debug */,
				07569F03192520480059CF69 /* Release */,
			);
			defaultConfigurationIsVisible = 0;
			defaultConfigurationName = Release;
		};
		07569F04192520480059CF69 /* Build configuration list for PBXNativeTarget "HelloWorld" */ = {
			isa = XCConfigurationList;
			buildConfigurations = (
				07569F05192520480059CF69 /* Debug */,
				07569F06192520480059CF69 /* Release */,
			);
			defaultConfigurationIsVisible = 0;
		};
		07569F07192520480059CF69 /* Build configuration list for PBXNativeTarget "HelloWorldTests" */ = {
			isa = XCConfigurationList;
			buildConfigurations = (
				07569F08192520480059CF69 /* Debug */,
				07569F09192520480059CF69 /* Release */,
			);
			defaultConfigurationIsVisible = 0;
		};
/* End XCConfigurationList section */
	};
	rootObject = 07569ECA192520480059CF69 /* Project object */;
}
